
Microsoft Visual Studio Solution File, Format Version 12.00
# Visual Studio Version 17
VisualStudioVersion = 17.14.36301.6 d17.14
MinimumVisualStudioVersion = 10.0.40219.1
Project("{FAE04EC0-301F-11D3-BF4B-00C04F79EFBC}") = "StreamPlatformBackend", "StreamPlatformBackend\StreamPlatformBackend.csproj", "{073B2F86-9566-4D8F-A40E-6B2314EF8431}"
EndProject
Global
	GlobalSection(SolutionConfigurationPlatforms) = preSolution
		Debug|Any CPU = Debug|Any CPU
		Release|Any CPU = Release|Any CPU
	EndGlobalSection
	GlobalSection(ProjectConfigurationPlatforms) = postSolution
		{073B2F86-9566-4D8F-A40E-6B2314EF8431}.Debug|Any CPU.ActiveCfg = Debug|Any CPU
		{073B2F86-9566-4D8F-A40E-6B2314EF8431}.Debug|Any CPU.Build.0 = Debug|Any CPU
		{073B2F86-9566-4D8F-A40E-6B2314EF8431}.Release|Any CPU.ActiveCfg = Release|Any CPU
		{073B2F86-9566-4D8F-A40E-6B2314EF8431}.Release|Any CPU.Build.0 = Release|Any CPU
	EndGlobalSection
	GlobalSection(SolutionProperties) = preSolution
		HideSolutionNode = FALSE
	EndGlobalSection
	GlobalSection(ExtensibilityGlobals) = postSolution
		SolutionGuid = {5C3B65D5-8E80-48E1-854A-C61095B25CFE}
	EndGlobalSection
EndGlobal
